
Microsoft Visual Studio Solution File, Format Version 12.00
# Visual Studio Version 17
VisualStudioVersion = 17.2.32630.192
MinimumVisualStudioVersion = 10.0.40219.1
Project("{FAE04EC0-301F-11D3-BF4B-00C04F79EFBC}") = "IntegerOperations", "Fundamentals\IntegerOperations.csproj", "{6BE4C721-0DD1-423D-A693-14BEA6B8A1D0}"
EndProject
Project("{FAE04EC0-301F-11D3-BF4B-00C04F79EFBC}") = "SumDigits", "SumDigits\SumDigits.csproj", "{AEC663AA-7564-4185-9B9B-DA68CE42BC13}"
EndProject
Project("{FAE04EC0-301F-11D3-BF4B-00C04F79EFBC}") = "Elevator", "Elevator\Elevator.csproj", "{6D2D5DAB-3CA8-49F5-872A-1D3416EA2AB6}"
EndProject
Project("{FAE04EC0-301F-11D3-BF4B-00C04F79EFBC}") = "SumOfChars", "SumOfChars\SumOfChars.csproj", "{46CE4475-1743-4A0E-BF5E-4C282BC91ED0}"
EndProject
Project("{FAE04EC0-301F-11D3-BF4B-00C04F79EFBC}") = "PrintPartOfAsciiTable", "PrintPartOfAsciiTable\PrintPartOfAsciiTable.csproj", "{38245418-F510-4DA2-8A13-3376D3E3CBDB}"
EndProject
Project("{FAE04EC0-301F-11D3-BF4B-00C04F79EFBC}") = "Train_Arrays", "Train_Arrays\Train_Arrays.csproj", "{F80B254D-DCC0-4103-B4D0-3A4BACDE9B16}"
EndProject
Project("{FAE04EC0-301F-11D3-BF4B-00C04F79EFBC}") = "CommonElements_Arrays", "CommonElements_Arrays\CommonElements_Arrays.csproj", "{452D896F-CBD0-4418-903D-748FADFC5CBD}"
EndProject
Project("{FAE04EC0-301F-11D3-BF4B-00C04F79EFBC}") = "ZIg_Zag_Arrays", "ZIg_Zag_Arrays\ZIg_Zag_Arrays.csproj", "{2E10BE84-740A-4A03-B6A5-78F703F9D299}"
EndProject
Project("{FAE04EC0-301F-11D3-BF4B-00C04F79EFBC}") = "SmallestInteger_Methods", "SmallestInteger_Methods\SmallestInteger_Methods.csproj", "{00C73DBB-7C9E-475B-9F63-5EA77D62E77A}"
EndProject
Project("{FAE04EC0-301F-11D3-BF4B-00C04F79EFBC}") = "VowelsCount_Methods", "VowelsCount_Methods\VowelsCount_Methods.csproj", "{1574B8D4-DDF9-4D08-AD6F-07B41030A6DD}"
EndProject
Project("{FAE04EC0-301F-11D3-BF4B-00C04F79EFBC}") = "CharactersInRange_Methods", "CharactersInRange_Methods\CharactersInRange_Methods.csproj", "{C85F5D27-E4DE-4802-8838-B1807FBDFAAB}"
EndProject
Project("{FAE04EC0-301F-11D3-BF4B-00C04F79EFBC}") = "Articles_ClassesAndObjects", "AdvertismentMessage_ClassesAndObjects\Articles_ClassesAndObjects.csproj", "{04088C15-114D-40A0-80D9-6E3931FBA4DB}"
EndProject
Global
	GlobalSection(SolutionConfigurationPlatforms) = preSolution
		Debug|Any CPU = Debug|Any CPU
		Release|Any CPU = Release|Any CPU
	EndGlobalSection
	GlobalSection(ProjectConfigurationPlatforms) = postSolution
		{6BE4C721-0DD1-423D-A693-14BEA6B8A1D0}.Debug|Any CPU.ActiveCfg = Debug|Any CPU
		{6BE4C721-0DD1-423D-A693-14BEA6B8A1D0}.Debug|Any CPU.Build.0 = Debug|Any CPU
		{6BE4C721-0DD1-423D-A693-14BEA6B8A1D0}.Release|Any CPU.ActiveCfg = Release|Any CPU
		{6BE4C721-0DD1-423D-A693-14BEA6B8A1D0}.Release|Any CPU.Build.0 = Release|Any CPU
		{AEC663AA-7564-4185-9B9B-DA68CE42BC13}.Debug|Any CPU.ActiveCfg = Debug|Any CPU
		{AEC663AA-7564-4185-9B9B-DA68CE42BC13}.Debug|Any CPU.Build.0 = Debug|Any CPU
		{AEC663AA-7564-4185-9B9B-DA68CE42BC13}.Release|Any CPU.ActiveCfg = Release|Any CPU
		{AEC663AA-7564-4185-9B9B-DA68CE42BC13}.Release|Any CPU.Build.0 = Release|Any CPU
		{6D2D5DAB-3CA8-49F5-872A-1D3416EA2AB6}.Debug|Any CPU.ActiveCfg = Debug|Any CPU
		{6D2D5DAB-3CA8-49F5-872A-1D3416EA2AB6}.Debug|Any CPU.Build.0 = Debug|Any CPU
		{6D2D5DAB-3CA8-49F5-872A-1D3416EA2AB6}.Release|Any CPU.ActiveCfg = Release|Any CPU
		{6D2D5DAB-3CA8-49F5-872A-1D3416EA2AB6}.Release|Any CPU.Build.0 = Release|Any CPU
		{46CE4475-1743-4A0E-BF5E-4C282BC91ED0}.Debug|Any CPU.ActiveCfg = Debug|Any CPU
		{46CE4475-1743-4A0E-BF5E-4C282BC91ED0}.Debug|Any CPU.Build.0 = Debug|Any CPU
		{46CE4475-1743-4A0E-BF5E-4C282BC91ED0}.Release|Any CPU.ActiveCfg = Release|Any CPU
		{46CE4475-1743-4A0E-BF5E-4C282BC91ED0}.Release|Any CPU.Build.0 = Release|Any CPU
		{38245418-F510-4DA2-8A13-3376D3E3CBDB}.Debug|Any CPU.ActiveCfg = Debug|Any CPU
		{38245418-F510-4DA2-8A13-3376D3E3CBDB}.Debug|Any CPU.Build.0 = Debug|Any CPU
		{38245418-F510-4DA2-8A13-3376D3E3CBDB}.Release|Any CPU.ActiveCfg = Release|Any CPU
		{38245418-F510-4DA2-8A13-3376D3E3CBDB}.Release|Any CPU.Build.0 = Release|Any CPU
		{F80B254D-DCC0-4103-B4D0-3A4BACDE9B16}.Debug|Any CPU.ActiveCfg = Debug|Any CPU
		{F80B254D-DCC0-4103-B4D0-3A4BACDE9B16}.Debug|Any CPU.Build.0 = Debug|Any CPU
		{F80B254D-DCC0-4103-B4D0-3A4BACDE9B16}.Release|Any CPU.ActiveCfg = Release|Any CPU
		{F80B254D-DCC0-4103-B4D0-3A4BACDE9B16}.Release|Any CPU.Build.0 = Release|Any CPU
		{452D896F-CBD0-4418-903D-748FADFC5CBD}.Debug|Any CPU.ActiveCfg = Debug|Any CPU
		{452D896F-CBD0-4418-903D-748FADFC5CBD}.Debug|Any CPU.Build.0 = Debug|Any CPU
		{452D896F-CBD0-4418-903D-748FADFC5CBD}.Release|Any CPU.ActiveCfg = Release|Any CPU
		{452D896F-CBD0-4418-903D-748FADFC5CBD}.Release|Any CPU.Build.0 = Release|Any CPU
		{2E10BE84-740A-4A03-B6A5-78F703F9D299}.Debug|Any CPU.ActiveCfg = Debug|Any CPU
		{2E10BE84-740A-4A03-B6A5-78F703F9D299}.Debug|Any CPU.Build.0 = Debug|Any CPU
		{2E10BE84-740A-4A03-B6A5-78F703F9D299}.Release|Any CPU.ActiveCfg = Release|Any CPU
		{2E10BE84-740A-4A03-B6A5-78F703F9D299}.Release|Any CPU.Build.0 = Release|Any CPU
		{00C73DBB-7C9E-475B-9F63-5EA77D62E77A}.Debug|Any CPU.ActiveCfg = Debug|Any CPU
		{00C73DBB-7C9E-475B-9F63-5EA77D62E77A}.Debug|Any CPU.Build.0 = Debug|Any CPU
		{00C73DBB-7C9E-475B-9F63-5EA77D62E77A}.Release|Any CPU.ActiveCfg = Release|Any CPU
		{00C73DBB-7C9E-475B-9F63-5EA77D62E77A}.Release|Any CPU.Build.0 = Release|Any CPU
		{1574B8D4-DDF9-4D08-AD6F-07B41030A6DD}.Debug|Any CPU.ActiveCfg = Debug|Any CPU
		{1574B8D4-DDF9-4D08-AD6F-07B41030A6DD}.Debug|Any CPU.Build.0 = Debug|Any CPU
		{1574B8D4-DDF9-4D08-AD6F-07B41030A6DD}.Release|Any CPU.ActiveCfg = Release|Any CPU
		{1574B8D4-DDF9-4D08-AD6F-07B41030A6DD}.Release|Any CPU.Build.0 = Release|Any CPU
		{C85F5D27-E4DE-4802-8838-B1807FBDFAAB}.Debug|Any CPU.ActiveCfg = Debug|Any CPU
		{C85F5D27-E4DE-4802-8838-B1807FBDFAAB}.Debug|Any CPU.Build.0 = Debug|Any CPU
		{C85F5D27-E4DE-4802-8838-B1807FBDFAAB}.Release|Any CPU.ActiveCfg = Release|Any CPU
		{C85F5D27-E4DE-4802-8838-B1807FBDFAAB}.Release|Any CPU.Build.0 = Release|Any CPU
		{04088C15-114D-40A0-80D9-6E3931FBA4DB}.Debug|Any CPU.ActiveCfg = Debug|Any CPU
		{04088C15-114D-40A0-80D9-6E3931FBA4DB}.Debug|Any CPU.Build.0 = Debug|Any CPU
		{04088C15-114D-40A0-80D9-6E3931FBA4DB}.Release|Any CPU.ActiveCfg = Release|Any CPU
		{04088C15-114D-40A0-80D9-6E3931FBA4DB}.Release|Any CPU.Build.0 = Release|Any CPU
	EndGlobalSection
	GlobalSection(SolutionProperties) = preSolution
		HideSolutionNode = FALSE
	EndGlobalSection
	GlobalSection(ExtensibilityGlobals) = postSolution
		SolutionGuid = {AFC15AA7-25EC-424F-AB8B-5FCED06B47D9}
	EndGlobalSection
EndGlobal
